
Microsoft Visual Studio Solution File, Format Version 12.00
# Visual Studio 15
VisualStudioVersion = 15.0.27428.2043
MinimumVisualStudioVersion = 10.0.40219.1
Project("{FAE04EC0-301F-11D3-BF4B-00C04F79EFBC}") = "BloodConnect.Android", "BloodConnect\BloodConnect.Android\BloodConnect.Android.csproj", "{748BD2A1-25C2-4AFD-B3AB-E1AAC1340693}"
EndProject
Project("{FAE04EC0-301F-11D3-BF4B-00C04F79EFBC}") = "BloodConnect.iOS", "BloodConnect\BloodConnect.iOS\BloodConnect.iOS.csproj", "{7389BF38-B8D8-4FDA-8789-347616D26402}"
EndProject
Project("{FAE04EC0-301F-11D3-BF4B-00C04F79EFBC}") = "BloodConnect.UWP", "BloodConnect\BloodConnect.UWP\BloodConnect.UWP.csproj", "{C3323C7E-AAEB-4353-85AE-71C7673741FE}"
EndProject
Project("{D954291E-2A0B-460D-934E-DC6B0785DB48}") = "BloodConnect", "BloodConnect\BloodConnect\BloodConnect.shproj", "{F6F922DE-3D3D-43CB-B241-143F2054816E}"
EndProject
Global
	GlobalSection(SharedMSBuildProjectFiles) = preSolution
		BloodConnect\BloodConnect\BloodConnect.projitems*{7389bf38-b8d8-4fda-8789-347616d26402}*SharedItemsImports = 4
		BloodConnect\BloodConnect\BloodConnect.projitems*{748bd2a1-25c2-4afd-b3ab-e1aac1340693}*SharedItemsImports = 4
		BloodConnect\BloodConnect\BloodConnect.projitems*{c3323c7e-aaeb-4353-85ae-71c7673741fe}*SharedItemsImports = 4
		BloodConnect\BloodConnect\BloodConnect.projitems*{f6f922de-3d3d-43cb-b241-143f2054816e}*SharedItemsImports = 13
	EndGlobalSection
	GlobalSection(SolutionConfigurationPlatforms) = preSolution
		Ad-Hoc|Any CPU = Ad-Hoc|Any CPU
		Ad-Hoc|ARM = Ad-Hoc|ARM
		Ad-Hoc|iPhone = Ad-Hoc|iPhone
		Ad-Hoc|iPhoneSimulator = Ad-Hoc|iPhoneSimulator
		Ad-Hoc|x64 = Ad-Hoc|x64
		Ad-Hoc|x86 = Ad-Hoc|x86
		AppStore|Any CPU = AppStore|Any CPU
		AppStore|ARM = AppStore|ARM
		AppStore|iPhone = AppStore|iPhone
		AppStore|iPhoneSimulator = AppStore|iPhoneSimulator
		AppStore|x64 = AppStore|x64
		AppStore|x86 = AppStore|x86
		Debug|Any CPU = Debug|Any CPU
		Debug|ARM = Debug|ARM
		Debug|iPhone = Debug|iPhone
		Debug|iPhoneSimulator = Debug|iPhoneSimulator
		Debug|x64 = Debug|x64
		Debug|x86 = Debug|x86
		Release|Any CPU = Release|Any CPU
		Release|ARM = Release|ARM
		Release|iPhone = Release|iPhone
		Release|iPhoneSimulator = Release|iPhoneSimulator
		Release|x64 = Release|x64
		Release|x86 = Release|x86
	EndGlobalSection
	GlobalSection(ProjectConfigurationPlatforms) = postSolution
		{748BD2A1-25C2-4AFD-B3AB-E1AAC1340693}.Ad-Hoc|Any CPU.ActiveCfg = Release|Any CPU
		{748BD2A1-25C2-4AFD-B3AB-E1AAC1340693}.Ad-Hoc|Any CPU.Build.0 = Release|Any CPU
		{748BD2A1-25C2-4AFD-B3AB-E1AAC1340693}.Ad-Hoc|Any CPU.Deploy.0 = Release|Any CPU
		{748BD2A1-25C2-4AFD-B3AB-E1AAC1340693}.Ad-Hoc|ARM.ActiveCfg = Release|Any CPU
		{748BD2A1-25C2-4AFD-B3AB-E1AAC1340693}.Ad-Hoc|ARM.Build.0 = Release|Any CPU
		{748BD2A1-25C2-4AFD-B3AB-E1AAC1340693}.Ad-Hoc|ARM.Deploy.0 = Release|Any CPU
		{748BD2A1-25C2-4AFD-B3AB-E1AAC1340693}.Ad-Hoc|iPhone.ActiveCfg = Release|Any CPU
		{748BD2A1-25C2-4AFD-B3AB-E1AAC1340693}.Ad-Hoc|iPhone.Build.0 = Release|Any CPU
		{748BD2A1-25C2-4AFD-B3AB-E1AAC1340693}.Ad-Hoc|iPhone.Deploy.0 = Release|Any CPU
		{748BD2A1-25C2-4AFD-B3AB-E1AAC1340693}.Ad-Hoc|iPhoneSimulator.ActiveCfg = Release|Any CPU
		{748BD2A1-25C2-4AFD-B3AB-E1AAC1340693}.Ad-Hoc|iPhoneSimulator.Build.0 = Release|Any CPU
		{748BD2A1-25C2-4AFD-B3AB-E1AAC1340693}.Ad-Hoc|iPhoneSimulator.Deploy.0 = Release|Any CPU
		{748BD2A1-25C2-4AFD-B3AB-E1AAC1340693}.Ad-Hoc|x64.ActiveCfg = Release|Any CPU
		{748BD2A1-25C2-4AFD-B3AB-E1AAC1340693}.Ad-Hoc|x64.Build.0 = Release|Any CPU
		{748BD2A1-25C2-4AFD-B3AB-E1AAC1340693}.Ad-Hoc|x64.Deploy.0 = Release|Any CPU
		{748BD2A1-25C2-4AFD-B3AB-E1AAC1340693}.Ad-Hoc|x86.ActiveCfg = Release|Any CPU
		{748BD2A1-25C2-4AFD-B3AB-E1AAC1340693}.Ad-Hoc|x86.Build.0 = Release|Any CPU
		{748BD2A1-25C2-4AFD-B3AB-E1AAC1340693}.Ad-Hoc|x86.Deploy.0 = Release|Any CPU
		{748BD2A1-25C2-4AFD-B3AB-E1AAC1340693}.AppStore|Any CPU.ActiveCfg = Release|Any CPU
		{748BD2A1-25C2-4AFD-B3AB-E1AAC1340693}.AppStore|Any CPU.Build.0 = Release|Any CPU
		{748BD2A1-25C2-4AFD-B3AB-E1AAC1340693}.AppStore|Any CPU.Deploy.0 = Release|Any CPU
		{748BD2A1-25C2-4AFD-B3AB-E1AAC1340693}.AppStore|ARM.ActiveCfg = Release|Any CPU
		{748BD2A1-25C2-4AFD-B3AB-E1AAC1340693}.AppStore|ARM.Build.0 = Release|Any CPU
		{748BD2A1-25C2-4AFD-B3AB-E1AAC1340693}.AppStore|ARM.Deploy.0 = Release|Any CPU
		{748BD2A1-25C2-4AFD-B3AB-E1AAC1340693}.AppStore|iPhone.ActiveCfg = Release|Any CPU
		{748BD2A1-25C2-4AFD-B3AB-E1AAC1340693}.AppStore|iPhone.Build.0 = Release|Any CPU
		{748BD2A1-25C2-4AFD-B3AB-E1AAC1340693}.AppStore|iPhone.Deploy.0 = Release|Any CPU
		{748BD2A1-25C2-4AFD-B3AB-E1AAC1340693}.AppStore|iPhoneSimulator.ActiveCfg = Release|Any CPU
		{748BD2A1-25C2-4AFD-B3AB-E1AAC1340693}.AppStore|iPhoneSimulator.Build.0 = Release|Any CPU
		{748BD2A1-25C2-4AFD-B3AB-E1AAC1340693}.AppStore|iPhoneSimulator.Deploy.0 = Release|Any CPU
		{748BD2A1-25C2-4AFD-B3AB-E1AAC1340693}.AppStore|x64.ActiveCfg = Release|Any CPU
		{748BD2A1-25C2-4AFD-B3AB-E1AAC1340693}.AppStore|x64.Build.0 = Release|Any CPU
		{748BD2A1-25C2-4AFD-B3AB-E1AAC1340693}.AppStore|x64.Deploy.0 = Release|Any CPU
		{748BD2A1-25C2-4AFD-B3AB-E1AAC1340693}.AppStore|x86.ActiveCfg = Release|Any CPU
		{748BD2A1-25C2-4AFD-B3AB-E1AAC1340693}.AppStore|x86.Build.0 = Release|Any CPU
		{748BD2A1-25C2-4AFD-B3AB-E1AAC1340693}.AppStore|x86.Deploy.0 = Release|Any CPU
		{748BD2A1-25C2-4AFD-B3AB-E1AAC1340693}.Debug|Any CPU.ActiveCfg = Debug|Any CPU
		{748BD2A1-25C2-4AFD-B3AB-E1AAC1340693}.Debug|Any CPU.Build.0 = Debug|Any CPU
		{748BD2A1-25C2-4AFD-B3AB-E1AAC1340693}.Debug|Any CPU.Deploy.0 = Debug|Any CPU
		{748BD2A1-25C2-4AFD-B3AB-E1AAC1340693}.Debug|ARM.ActiveCfg = Debug|Any CPU
		{748BD2A1-25C2-4AFD-B3AB-E1AAC1340693}.Debug|ARM.Build.0 = Debug|Any CPU
		{748BD2A1-25C2-4AFD-B3AB-E1AAC1340693}.Debug|ARM.Deploy.0 = Debug|Any CPU
		{748BD2A1-25C2-4AFD-B3AB-E1AAC1340693}.Debug|iPhone.ActiveCfg = Debug|Any CPU
		{748BD2A1-25C2-4AFD-B3AB-E1AAC1340693}.Debug|iPhone.Build.0 = Debug|Any CPU
		{748BD2A1-25C2-4AFD-B3AB-E1AAC1340693}.Debug|iPhone.Deploy.0 = Debug|Any CPU
		{748BD2A1-25C2-4AFD-B3AB-E1AAC1340693}.Debug|iPhoneSimulator.ActiveCfg = Debug|Any CPU
		{748BD2A1-25C2-4AFD-B3AB-E1AAC1340693}.Debug|iPhoneSimulator.Build.0 = Debug|Any CPU
		{748BD2A1-25C2-4AFD-B3AB-E1AAC1340693}.Debug|iPhoneSimulator.Deploy.0 = Debug|Any CPU
		{748BD2A1-25C2-4AFD-B3AB-E1AAC1340693}.Debug|x64.ActiveCfg = Debug|Any CPU
		{748BD2A1-25C2-4AFD-B3AB-E1AAC1340693}.Debug|x64.Build.0 = Debug|Any CPU
		{748BD2A1-25C2-4AFD-B3AB-E1AAC1340693}.Debug|x64.Deploy.0 = Debug|Any CPU
		{748BD2A1-25C2-4AFD-B3AB-E1AAC1340693}.Debug|x86.ActiveCfg = Debug|Any CPU
		{748BD2A1-25C2-4AFD-B3AB-E1AAC1340693}.Debug|x86.Build.0 = Debug|Any CPU
		{748BD2A1-25C2-4AFD-B3AB-E1AAC1340693}.Debug|x86.Deploy.0 = Debug|Any CPU
		{748BD2A1-25C2-4AFD-B3AB-E1AAC1340693}.Release|Any CPU.ActiveCfg = Release|Any CPU
		{748BD2A1-25C2-4AFD-B3AB-E1AAC1340693}.Release|Any CPU.Build.0 = Release|Any CPU
		{748BD2A1-25C2-4AFD-B3AB-E1AAC1340693}.Release|Any CPU.Deploy.0 = Release|Any CPU
		{748BD2A1-25C2-4AFD-B3AB-E1AAC1340693}.Release|ARM.ActiveCfg = Release|Any CPU
		{748BD2A1-25C2-4AFD-B3AB-E1AAC1340693}.Release|ARM.Build.0 = Release|Any CPU
		{748BD2A1-25C2-4AFD-B3AB-E1AAC1340693}.Release|ARM.Deploy.0 = Release|Any CPU
		{748BD2A1-25C2-4AFD-B3AB-E1AAC1340693}.Release|iPhone.ActiveCfg = Release|Any CPU
		{748BD2A1-25C2-4AFD-B3AB-E1AAC1340693}.Release|iPhone.Build.0 = Release|Any CPU
		{748BD2A1-25C2-4AFD-B3AB-E1AAC1340693}.Release|iPhone.Deploy.0 = Release|Any CPU
		{748BD2A1-25C2-4AFD-B3AB-E1AAC1340693}.Release|iPhoneSimulator.ActiveCfg = Release|Any CPU
		{748BD2A1-25C2-4AFD-B3AB-E1AAC1340693}.Release|iPhoneSimulator.Build.0 = Release|Any CPU
		{748BD2A1-25C2-4AFD-B3AB-E1AAC1340693}.Release|iPhoneSimulator.Deploy.0 = Release|Any CPU
		{748BD2A1-25C2-4AFD-B3AB-E1AAC1340693}.Release|x64.ActiveCfg = Release|Any CPU
		{748BD2A1-25C2-4AFD-B3AB-E1AAC1340693}.Release|x64.Build.0 = Release|Any CPU
		{748BD2A1-25C2-4AFD-B3AB-E1AAC1340693}.Release|x64.Deploy.0 = Release|Any CPU
		{748BD2A1-25C2-4AFD-B3AB-E1AAC1340693}.Release|x86.ActiveCfg = Release|Any CPU
		{748BD2A1-25C2-4AFD-B3AB-E1AAC1340693}.Release|x86.Build.0 = Release|Any CPU
		{748BD2A1-25C2-4AFD-B3AB-E1AAC1340693}.Release|x86.Deploy.0 = Release|Any CPU
		{7389BF38-B8D8-4FDA-8789-347616D26402}.Ad-Hoc|Any CPU.ActiveCfg = Ad-Hoc|iPhone
		{7389BF38-B8D8-4FDA-8789-347616D26402}.Ad-Hoc|ARM.ActiveCfg = Ad-Hoc|iPhone
		{7389BF38-B8D8-4FDA-8789-347616D26402}.Ad-Hoc|iPhone.ActiveCfg = Ad-Hoc|iPhone
		{7389BF38-B8D8-4FDA-8789-347616D26402}.Ad-Hoc|iPhone.Build.0 = Ad-Hoc|iPhone
		{7389BF38-B8D8-4FDA-8789-347616D26402}.Ad-Hoc|iPhoneSimulator.ActiveCfg = Ad-Hoc|iPhoneSimulator
		{7389BF38-B8D8-4FDA-8789-347616D26402}.Ad-Hoc|iPhoneSimulator.Build.0 = Ad-Hoc|iPhoneSimulator
		{7389BF38-B8D8-4FDA-8789-347616D26402}.Ad-Hoc|x64.ActiveCfg = Ad-Hoc|iPhone
		{7389BF38-B8D8-4FDA-8789-347616D26402}.Ad-Hoc|x86.ActiveCfg = Ad-Hoc|iPhone
		{7389BF38-B8D8-4FDA-8789-347616D26402}.AppStore|Any CPU.ActiveCfg = AppStore|iPhone
		{7389BF38-B8D8-4FDA-8789-347616D26402}.AppStore|ARM.ActiveCfg = AppStore|iPhone
		{7389BF38-B8D8-4FDA-8789-347616D26402}.AppStore|iPhone.ActiveCfg = AppStore|iPhone
		{7389BF38-B8D8-4FDA-8789-347616D26402}.AppStore|iPhone.Build.0 = AppStore|iPhone
		{7389BF38-B8D8-4FDA-8789-347616D26402}.AppStore|iPhoneSimulator.ActiveCfg = AppStore|iPhoneSimulator
		{7389BF38-B8D8-4FDA-8789-347616D26402}.AppStore|iPhoneSimulator.Build.0 = AppStore|iPhoneSimulator
		{7389BF38-B8D8-4FDA-8789-347616D26402}.AppStore|x64.ActiveCfg = AppStore|iPhone
		{7389BF38-B8D8-4FDA-8789-347616D26402}.AppStore|x86.ActiveCfg = AppStore|iPhone
		{7389BF38-B8D8-4FDA-8789-347616D26402}.Debug|Any CPU.ActiveCfg = Debug|iPhone
		{7389BF38-B8D8-4FDA-8789-347616D26402}.Debug|ARM.ActiveCfg = Debug|iPhone
		{7389BF38-B8D8-4FDA-8789-347616D26402}.Debug|iPhone.ActiveCfg = Debug|iPhone
		{7389BF38-B8D8-4FDA-8789-347616D26402}.Debug|iPhone.Build.0 = Debug|iPhone
		{7389BF38-B8D8-4FDA-8789-347616D26402}.Debug|iPhoneSimulator.ActiveCfg = Debug|iPhoneSimulator
		{7389BF38-B8D8-4FDA-8789-347616D26402}.Debug|iPhoneSimulator.Build.0 = Debug|iPhoneSimulator
		{7389BF38-B8D8-4FDA-8789-347616D26402}.Debug|x64.ActiveCfg = Debug|iPhone
		{7389BF38-B8D8-4FDA-8789-347616D26402}.Debug|x86.ActiveCfg = Debug|iPhone
		{7389BF38-B8D8-4FDA-8789-347616D26402}.Release|Any CPU.ActiveCfg = Release|iPhone
		{7389BF38-B8D8-4FDA-8789-347616D26402}.Release|ARM.ActiveCfg = Release|iPhone
		{7389BF38-B8D8-4FDA-8789-347616D26402}.Release|iPhone.ActiveCfg = Release|iPhone
		{7389BF38-B8D8-4FDA-8789-347616D26402}.Release|iPhone.Build.0 = Release|iPhone
		{7389BF38-B8D8-4FDA-8789-347616D26402}.Release|iPhoneSimulator.ActiveCfg = Release|iPhoneSimulator
		{7389BF38-B8D8-4FDA-8789-347616D26402}.Release|iPhoneSimulator.Build.0 = Release|iPhoneSimulator
		{7389BF38-B8D8-4FDA-8789-347616D26402}.Release|x64.ActiveCfg = Release|iPhone
		{7389BF38-B8D8-4FDA-8789-347616D26402}.Release|x86.ActiveCfg = Release|iPhone
		{C3323C7E-AAEB-4353-85AE-71C7673741FE}.Ad-Hoc|Any CPU.ActiveCfg = Release|x86
		{C3323C7E-AAEB-4353-85AE-71C7673741FE}.Ad-Hoc|Any CPU.Build.0 = Release|x86
		{C3323C7E-AAEB-4353-85AE-71C7673741FE}.Ad-Hoc|Any CPU.Deploy.0 = Release|x86
		{C3323C7E-AAEB-4353-85AE-71C7673741FE}.Ad-Hoc|ARM.ActiveCfg = Release|ARM
		{C3323C7E-AAEB-4353-85AE-71C7673741FE}.Ad-Hoc|ARM.Build.0 = Release|ARM
		{C3323C7E-AAEB-4353-85AE-71C7673741FE}.Ad-Hoc|ARM.Deploy.0 = Release|ARM
		{C3323C7E-AAEB-4353-85AE-71C7673741FE}.Ad-Hoc|iPhone.ActiveCfg = Release|x86
		{C3323C7E-AAEB-4353-85AE-71C7673741FE}.Ad-Hoc|iPhone.Build.0 = Release|x86
		{C3323C7E-AAEB-4353-85AE-71C7673741FE}.Ad-Hoc|iPhone.Deploy.0 = Release|x86
		{C3323C7E-AAEB-4353-85AE-71C7673741FE}.Ad-Hoc|iPhoneSimulator.ActiveCfg = Release|x86
		{C3323C7E-AAEB-4353-85AE-71C7673741FE}.Ad-Hoc|iPhoneSimulator.Build.0 = Release|x86
		{C3323C7E-AAEB-4353-85AE-71C7673741FE}.Ad-Hoc|iPhoneSimulator.Deploy.0 = Release|x86
		{C3323C7E-AAEB-4353-85AE-71C7673741FE}.Ad-Hoc|x64.ActiveCfg = Release|x64
		{C3323C7E-AAEB-4353-85AE-71C7673741FE}.Ad-Hoc|x64.Build.0 = Release|x64
		{C3323C7E-AAEB-4353-85AE-71C7673741FE}.Ad-Hoc|x64.Deploy.0 = Release|x64
		{C3323C7E-AAEB-4353-85AE-71C7673741FE}.Ad-Hoc|x86.ActiveCfg = Release|x86
		{C3323C7E-AAEB-4353-85AE-71C7673741FE}.Ad-Hoc|x86.Build.0 = Release|x86
		{C3323C7E-AAEB-4353-85AE-71C7673741FE}.Ad-Hoc|x86.Deploy.0 = Release|x86
		{C3323C7E-AAEB-4353-85AE-71C7673741FE}.AppStore|Any CPU.ActiveCfg = Release|x86
		{C3323C7E-AAEB-4353-85AE-71C7673741FE}.AppStore|Any CPU.Build.0 = Release|x86
		{C3323C7E-AAEB-4353-85AE-71C7673741FE}.AppStore|Any CPU.Deploy.0 = Release|x86
		{C3323C7E-AAEB-4353-85AE-71C7673741FE}.AppStore|ARM.ActiveCfg = Release|ARM
		{C3323C7E-AAEB-4353-85AE-71C7673741FE}.AppStore|ARM.Build.0 = Release|ARM
		{C3323C7E-AAEB-4353-85AE-71C7673741FE}.AppStore|ARM.Deploy.0 = Release|ARM
		{C3323C7E-AAEB-4353-85AE-71C7673741FE}.AppStore|iPhone.ActiveCfg = Release|x86
		{C3323C7E-AAEB-4353-85AE-71C7673741FE}.AppStore|iPhone.Build.0 = Release|x86
		{C3323C7E-AAEB-4353-85AE-71C7673741FE}.AppStore|iPhone.Deploy.0 = Release|x86
		{C3323C7E-AAEB-4353-85AE-71C7673741FE}.AppStore|iPhoneSimulator.ActiveCfg = Release|x86
		{C3323C7E-AAEB-4353-85AE-71C7673741FE}.AppStore|iPhoneSimulator.Build.0 = Release|x86
		{C3323C7E-AAEB-4353-85AE-71C7673741FE}.AppStore|iPhoneSimulator.Deploy.0 = Release|x86
		{C3323C7E-AAEB-4353-85AE-71C7673741FE}.AppStore|x64.ActiveCfg = Release|x64
		{C3323C7E-AAEB-4353-85AE-71C7673741FE}.AppStore|x64.Build.0 = Release|x64
		{C3323C7E-AAEB-4353-85AE-71C7673741FE}.AppStore|x64.Deploy.0 = Release|x64
		{C3323C7E-AAEB-4353-85AE-71C7673741FE}.AppStore|x86.ActiveCfg = Release|x86
		{C3323C7E-AAEB-4353-85AE-71C7673741FE}.AppStore|x86.Build.0 = Release|x86
		{C3323C7E-AAEB-4353-85AE-71C7673741FE}.AppStore|x86.Deploy.0 = Release|x86
		{C3323C7E-AAEB-4353-85AE-71C7673741FE}.Debug|Any CPU.ActiveCfg = Debug|x86
		{C3323C7E-AAEB-4353-85AE-71C7673741FE}.Debug|ARM.ActiveCfg = Debug|ARM
		{C3323C7E-AAEB-4353-85AE-71C7673741FE}.Debug|ARM.Build.0 = Debug|ARM
		{C3323C7E-AAEB-4353-85AE-71C7673741FE}.Debug|ARM.Deploy.0 = Debug|ARM
		{C3323C7E-AAEB-4353-85AE-71C7673741FE}.Debug|iPhone.ActiveCfg = Debug|x86
		{C3323C7E-AAEB-4353-85AE-71C7673741FE}.Debug|iPhoneSimulator.ActiveCfg = Debug|x86
		{C3323C7E-AAEB-4353-85AE-71C7673741FE}.Debug|x64.ActiveCfg = Debug|x64
		{C3323C7E-AAEB-4353-85AE-71C7673741FE}.Debug|x64.Build.0 = Debug|x64
		{C3323C7E-AAEB-4353-85AE-71C7673741FE}.Debug|x64.Deploy.0 = Debug|x64
		{C3323C7E-AAEB-4353-85AE-71C7673741FE}.Debug|x86.ActiveCfg = Debug|x86
		{C3323C7E-AAEB-4353-85AE-71C7673741FE}.Debug|x86.Build.0 = Debug|x86
		{C3323C7E-AAEB-4353-85AE-71C7673741FE}.Debug|x86.Deploy.0 = Debug|x86
		{C3323C7E-AAEB-4353-85AE-71C7673741FE}.Release|Any CPU.ActiveCfg = Release|x86
		{C3323C7E-AAEB-4353-85AE-71C7673741FE}.Release|ARM.ActiveCfg = Release|ARM
		{C3323C7E-AAEB-4353-85AE-71C7673741FE}.Release|ARM.Build.0 = Release|ARM
		{C3323C7E-AAEB-4353-85AE-71C7673741FE}.Release|ARM.Deploy.0 = Release|ARM
		{C3323C7E-AAEB-4353-85AE-71C7673741FE}.Release|iPhone.ActiveCfg = Release|x86
		{C3323C7E-AAEB-4353-85AE-71C7673741FE}.Release|iPhoneSimulator.ActiveCfg = Release|x86
		{C3323C7E-AAEB-4353-85AE-71C7673741FE}.Release|x64.ActiveCfg = Release|x64
		{C3323C7E-AAEB-4353-85AE-71C7673741FE}.Release|x64.Build.0 = Release|x64
		{C3323C7E-AAEB-4353-85AE-71C7673741FE}.Release|x64.Deploy.0 = Release|x64
		{C3323C7E-AAEB-4353-85AE-71C7673741FE}.Release|x86.ActiveCfg = Release|x86
		{C3323C7E-AAEB-4353-85AE-71C7673741FE}.Release|x86.Build.0 = Release|x86
		{C3323C7E-AAEB-4353-85AE-71C7673741FE}.Release|x86.Deploy.0 = Release|x86
	EndGlobalSection
	GlobalSection(SolutionProperties) = preSolution
		HideSolutionNode = FALSE
	EndGlobalSection
	GlobalSection(ExtensibilityGlobals) = postSolution
		SolutionGuid = {58DFDD96-EADA-42C2-82FD-406106F76D8E}
	EndGlobalSection
EndGlobal
